// !$*UTF8*$!
{
	archiveVersion = 1;
	classes = {
	};
	objectVersion = 46;
	objects = {

/* Begin PBXBuildFile section */
		D9521EDC1D7F43A000D269AB /* main.m in Sources */ = {isa = PBXBuildFile; fileRef = D9521EDB1D7F43A000D269AB /* main.m */; };
		D9521EE41D7F444000D269AB /* InputCollector.m in Sources */ = {isa = PBXBuildFile; fileRef = D9521EE31D7F444000D269AB /* InputCollector.m */; };
		D9521EE71D7F4F1800D269AB /* Contact.m in Sources */ = {isa = PBXBuildFile; fileRef = D9521EE61D7F4F1800D269AB /* Contact.m */; };
		D9521EEA1D7F502000D269AB /* ContactList.m in Sources */ = {isa = PBXBuildFile; fileRef = D9521EE91D7F502000D269AB /* ContactList.m */; };
/* End PBXBuildFile section */

/* Begin PBXCopyFilesBuildPhase section */
		D9521ED61D7F43A000D269AB /* CopyFiles */ = {
			isa = PBXCopyFilesBuildPhase;
			buildActionMask = 2147483647;
			dstPath = /usr/share/man/man1/;
			dstSubfolderSpec = 0;
			files = (
			);
			runOnlyForDeploymentPostprocessing = 1;
		};
/* End PBXCopyFilesBuildPhase section */

/* Begin PBXFileReference section */
		D9521ED81D7F43A000D269AB /* Contact List */ = {isa = PBXFileReference; explicitFileType = "compiled.mach-o.executable"; includeInIndex = 0; path = "Contact List"; sourceTree = BUILT_PRODUCTS_DIR; };
		D9521EDB1D7F43A000D269AB /* main.m */ = {isa = PBXFileReference; lastKnownFileType = sourcecode.c.objc; path = main.m; sourceTree = "<group>"; };
		D9521EE21D7F444000D269AB /* InputCollector.h */ = {isa = PBXFileReference; fileEncoding = 4; lastKnownFileType = sourcecode.c.h; path = InputCollector.h; sourceTree = "<group>"; };
		D9521EE31D7F444000D269AB /* InputCollector.m */ = {isa = PBXFileReference; fileEncoding = 4; lastKnownFileType = sourcecode.c.objc; path = InputCollector.m; sourceTree = "<group>"; };
		D9521EE51D7F4F1800D269AB /* Contact.h */ = {isa = PBXFileReference; fileEncoding = 4; lastKnownFileType = sourcecode.c.h; path = Contact.h; sourceTree = "<group>"; };
		D9521EE61D7F4F1800D269AB /* Contact.m */ = {isa = PBXFileReference; fileEncoding = 4; lastKnownFileType = sourcecode.c.objc; path = Contact.m; sourceTree = "<group>"; };
		D9521EE81D7F502000D269AB /* ContactList.h */ = {isa = PBXFileReference; fileEncoding = 4; lastKnownFileType = sourcecode.c.h; path = ContactList.h; sourceTree = "<group>"; };
		D9521EE91D7F502000D269AB /* ContactList.m */ = {isa = PBXFileReference; fileEncoding = 4; lastKnownFileType = sourcecode.c.objc; path = ContactList.m; sourceTree = "<group>"; };
/* End PBXFileReference section */

/* Begin PBXFrameworksBuildPhase section */
		D9521ED51D7F43A000D269AB /* Frameworks */ = {
			isa = PBXFrameworksBuildPhase;
			buildActionMask = 2147483647;
			files = (
			);
			runOnlyForDeploymentPostprocessing = 0;
		};
/* End PBXFrameworksBuildPhase section */

/* Begin PBXGroup section */
		D9521ECF1D7F43A000D269AB = {
			isa = PBXGroup;
			children = (
				D9521EDA1D7F43A000D269AB /* Contact List */,
				D9521ED91D7F43A000D269AB /* Products */,
			);
			sourceTree = "<group>";
		};
		D9521ED91D7F43A000D269AB /* Products */ = {
			isa = PBXGroup;
			children = (
				D9521ED81D7F43A000D269AB /* Contact List */,
			);
			name = Products;
			sourceTree = "<group>";
		};
		D9521EDA1D7F43A000D269AB /* Contact List */ = {
			isa = PBXGroup;
			children = (
				D9521EDB1D7F43A000D269AB /* main.m */,
				D9521EE21D7F444000D269AB /* InputCollector.h */,
				D9521EE31D7F444000D269AB /* InputCollector.m */,
				D9521EE51D7F4F1800D269AB /* Contact.h */,
				D9521EE61D7F4F1800D269AB /* Contact.m */,
				D9521EE81D7F502000D269AB /* ContactList.h */,
				D9521EE91D7F502000D269AB /* ContactList.m */,
			);
			path = "Contact List";
			sourceTree = "<group>";
		};
/* End PBXGroup section */

/* Begin PBXNativeTarget section */
		D9521ED71D7F43A000D269AB /* Contact List */ = {
			isa = PBXNativeTarget;
			buildConfigurationList = D9521EDF1D7F43A000D269AB /* Build configuration list for PBXNativeTarget "Contact List" */;
			buildPhases = (
				D9521ED41D7F43A000D269AB /* Sources */,
				D9521ED51D7F43A000D269AB /* Frameworks */,
				D9521ED61D7F43A000D269AB /* CopyFiles */,
			);
			buildRules = (
			);
			dependencies = (
			);
			name = "Contact List";
			productName = "Contact List";
			productReference = D9521ED81D7F43A000D269AB /* Contact List */;
			productType = "com.apple.product-type.tool";
		};
/* End PBXNativeTarget section */

/* Begin PBXProject section */
		D9521ED01D7F43A000D269AB /* Project object */ = {
			isa = PBXProject;
			attributes = {
				LastUpgradeCheck = 0730;
				ORGANIZATIONNAME = "Dan Christal";
				TargetAttributes = {
					D9521ED71D7F43A000D269AB = {
						CreatedOnToolsVersion = 7.3;
					};
				};
			};
			buildConfigurationList = D9521ED31D7F43A000D269AB /* Build configuration list for PBXProject "Contact List" */;
			compatibilityVersion = "Xcode 3.2";
			developmentRegion = English;
			hasScannedForEncodings = 0;
			knownRegions = (
				en,
			);
			mainGroup = D9521ECF1D7F43A000D269AB;
			productRefGroup = D9521ED91D7F43A000D269AB /* Products */;
			projectDirPath = "";
			projectRoot = "";
			targets = (
				D9521ED71D7F43A000D269AB /* Contact List */,
			);
		};
/* End PBXProject section */

/* Begin PBXSourcesBuildPhase section */
		D9521ED41D7F43A000D269AB /* Sources */ = {
			isa = PBXSourcesBuildPhase;
			buildActionMask = 2147483647;
			files = (
				D9521EEA1D7F502000D269AB /* ContactList.m in Sources */,
				D9521EE41D7F444000D269AB /* InputCollector.m in Sources */,
				D9521EE71D7F4F1800D269AB /* Contact.m in Sources */,
				D9521EDC1D7F43A000D269AB /* main.m in Sources */,
			);
			runOnlyForDeploymentPostprocessing = 0;
		};
/* End PBXSourcesBuildPhase section */

/* Begin XCBuildConfiguration section */
		D9521EDD1D7F43A000D269AB /* Debug */ = {
			isa = XCBuildConfiguration;
			buildSettings = {
				ALWAYS_SEARCH_USER_PATHS = NO;
				CLANG_ANALYZER_NONNULL = YES;
				CLANG_CXX_LANGUAGE_STANDARD = "gnu++0x";
				CLANG_CXX_LIBRARY = "libc++";
				CLANG_ENABLE_MODULES = YES;
				CLANG_ENABLE_OBJC_ARC = YES;
				CLANG_WARN_BOOL_CONVERSION = YES;
				CLANG_WARN_CONSTANT_CONVERSION = YES;
				CLANG_WARN_DIRECT_OBJC_ISA_USAGE = YES_ERROR;
				CLANG_WARN_EMPTY_BODY = YES;
				CLANG_WARN_ENUM_CONVERSION = YES;
				CLANG_WARN_INT_CONVERSION = YES;
				CLANG_WARN_OBJC_ROOT_CLASS = YES_ERROR;
				CLANG_WARN_UNREACHABLE_CODE = YES;
				CLANG_WARN__DUPLICATE_METHOD_MATCH = YES;
				CODE_SIGN_IDENTITY = "-";
				COPY_PHASE_STRIP = NO;
				DEBUG_INFORMATION_FORMAT = dwarf;
				ENABLE_STRICT_OBJC_MSGSEND = YES;
				ENABLE_TESTABILITY = YES;
				GCC_C_LANGUAGE_STANDARD = gnu99;
				GCC_DYNAMIC_NO_PIC = NO;
				GCC_NO_COMMON_BLOCKS = YES;
				GCC_OPTIMIZATION_LEVEL = 0;
				GCC_PREPROCESSOR_DEFINITIONS = (
					"DEBUG=1",
					"$(inherited)",
				);
				GCC_WARN_64_TO_32_BIT_CONVERSION = YES;
				GCC_WARN_ABOUT_RETURN_TYPE = YES_ERROR;
				GCC_WARN_UNDECLARED_SELECTOR = YES;
				GCC_WARN_UNINITIALIZED_AUTOS = YES_AGGRESSIVE;
				GCC_WARN_UNUSED_FUNCTION = YES;
				GCC_WARN_UNUSED_VARIABLE = YES;
				MACOSX_DEPLOYMENT_TARGET = 10.11;
				MTL_ENABLE_DEBUG_INFO = YES;
				ONLY_ACTIVE_ARCH = YES;
				SDKROOT = macosx;
			};
			name = Debug;
		};
		D9521EDE1D7F43A000D269AB /* Release */ = {
			isa = XCBuildConfiguration;
			buildSettings = {
				ALWAYS_SEARCH_USER_PATHS = NO;
				CLANG_ANALYZER_NONNULL = YES;
				CLANG_CXX_LANGUAGE_STANDARD = "gnu++0x";
				CLANG_CXX_LIBRARY = "libc++";
				CLANG_ENABLE_MODULES = YES;
				CLANG_ENABLE_OBJC_ARC = YES;
				CLANG_WARN_BOOL_CONVERSION = YES;
				CLANG_WARN_CONSTANT_CONVERSION = YES;
				CLANG_WARN_DIRECT_OBJC_ISA_USAGE = YES_ERROR;
				CLANG_WARN_EMPTY_BODY = YES;
				CLANG_WARN_ENUM_CONVERSION = YES;
				CLANG_WARN_INT_CONVERSION = YES;
				CLANG_WARN_OBJC_ROOT_CLASS = YES_ERROR;
				CLANG_WARN_UNREACHABLE_CODE = YES;
				CLANG_WARN__DUPLICATE_METHOD_MATCH = YES;
				CODE_SIGN_IDENTITY = "-";
				COPY_PHASE_STRIP = NO;
				DEBUG_INFORMATION_FORMAT = "dwarf-with-dsym";
				ENABLE_NS_ASSERTIONS = NO;
				ENABLE_STRICT_OBJC_MSGSEND = YES;
				GCC_C_LANGUAGE_STANDARD = gnu99;
				GCC_NO_COMMON_BLOCKS = YES;
				GCC_WARN_64_TO_32_BIT_CONVERSION = YES;
				GCC_WARN_ABOUT_RETURN_TYPE = YES_ERROR;
				GCC_WARN_UNDECLARED_SELECTOR = YES;
				GCC_WARN_UNINITIALIZED_AUTOS = YES_AGGRESSIVE;
				GCC_WARN_UNUSED_FUNCTION = YES;
				GCC_WARN_UNUSED_VARIABLE = YES;
				MACOSX_DEPLOYMENT_TARGET = 10.11;
				MTL_ENABLE_DEBUG_INFO = NO;
				SDKROOT = macosx;
			};
			name = Release;
		};
		D9521EE01D7F43A000D269AB /* Debug */ = {
			isa = XCBuildConfiguration;
			buildSettings = {
				PRODUCT_NAME = "$(TARGET_NAME)";
			};
			name = Debug;
		};
		D9521EE11D7F43A000D269AB /* Release */ = {
			isa = XCBuildConfiguration;
			buildSettings = {
				PRODUCT_NAME = "$(TARGET_NAME)";
			};
			name = Release;
		};
/* End XCBuildConfiguration section */

/* Begin XCConfigurationList section */
		D9521ED31D7F43A000D269AB /* Build configuration list for PBXProject "Contact List" */ = {
			isa = XCConfigurationList;
			buildConfigurations = (
				D9521EDD1D7F43A000D269AB /* Debug */,
				D9521EDE1D7F43A000D269AB /* Release */,
			);
			defaultConfigurationIsVisible = 0;
			defaultConfigurationName = Release;
		};
		D9521EDF1D7F43A000D269AB /* Build configuration list for PBXNativeTarget "Contact List" */ = {
			isa = XCConfigurationList;
			buildConfigurations = (
				D9521EE01D7F43A000D269AB /* Debug */,
				D9521EE11D7F43A000D269AB /* Release */,
			);
			defaultConfigurationIsVisible = 0;
		};
/* End XCConfigurationList section */
	};
	rootObject = D9521ED01D7F43A000D269AB /* Project object */;
}
